
Microsoft Visual Studio Solution File, Format Version 12.00
# Visual Studio Version 17
VisualStudioVersion = 17.8.34330.188
MinimumVisualStudioVersion = 10.0.40219.1
Project("{9A19103F-16F7-4668-BE54-9A1E7A4F7556}") = "KursIShiSaralashAlgoritmlari", "KursIShiSaralashAlgoritmlari.csproj", "{362E3BFE-3191-4AFA-8E75-46A7FEF26EDF}"
EndProject
Project("{FAE04EC0-301F-11D3-BF4B-00C04F79EFBC}") = "SortingAlgoritmsCompareApplication", "..\SortingAlgoritmsCompareApplication\SortingAlgoritmsCompareApplication\SortingAlgoritmsCompareApplication.csproj", "{A8B640F9-9195-430A-BD8E-969C4D44F57E}"
EndProject
Global
	GlobalSection(SolutionConfigurationPlatforms) = preSolution
		Debug|Any CPU = Debug|Any CPU
		Release|Any CPU = Release|Any CPU
	EndGlobalSection
	GlobalSection(ProjectConfigurationPlatforms) = postSolution
		{362E3BFE-3191-4AFA-8E75-46A7FEF26EDF}.Debug|Any CPU.ActiveCfg = Debug|Any CPU
		{362E3BFE-3191-4AFA-8E75-46A7FEF26EDF}.Debug|Any CPU.Build.0 = Debug|Any CPU
		{362E3BFE-3191-4AFA-8E75-46A7FEF26EDF}.Release|Any CPU.ActiveCfg = Release|Any CPU
		{362E3BFE-3191-4AFA-8E75-46A7FEF26EDF}.Release|Any CPU.Build.0 = Release|Any CPU
		{A8B640F9-9195-430A-BD8E-969C4D44F57E}.Debug|Any CPU.ActiveCfg = Debug|Any CPU
		{A8B640F9-9195-430A-BD8E-969C4D44F57E}.Debug|Any CPU.Build.0 = Debug|Any CPU
		{A8B640F9-9195-430A-BD8E-969C4D44F57E}.Release|Any CPU.ActiveCfg = Release|Any CPU
		{A8B640F9-9195-430A-BD8E-969C4D44F57E}.Release|Any CPU.Build.0 = Release|Any CPU
	EndGlobalSection
	GlobalSection(SolutionProperties) = preSolution
		HideSolutionNode = FALSE
	EndGlobalSection
	GlobalSection(ExtensibilityGlobals) = postSolution
		SolutionGuid = {7DFBBCF5-6887-4480-BE7A-2D48D417222E}
	EndGlobalSection
EndGlobal
